
Microsoft Visual Studio Solution File, Format Version 12.00
# Visual Studio Version 17
VisualStudioVersion = 17.9.34616.47
MinimumVisualStudioVersion = 10.0.40219.1
Project("{FAE04EC0-301F-11D3-BF4B-00C04F79EFBC}") = "TestingMergeConflict", "TestingMergeConflict\TestingMergeConflict.csproj", "{742ECA8E-358B-4239-96B9-6B3E76F30E8B}"
EndProject
Global
	GlobalSection(SolutionConfigurationPlatforms) = preSolution
		Debug|Any CPU = Debug|Any CPU
		Release|Any CPU = Release|Any CPU
	EndGlobalSection
	GlobalSection(ProjectConfigurationPlatforms) = postSolution
		{742ECA8E-358B-4239-96B9-6B3E76F30E8B}.Debug|Any CPU.ActiveCfg = Debug|Any CPU
		{742ECA8E-358B-4239-96B9-6B3E76F30E8B}.Debug|Any CPU.Build.0 = Debug|Any CPU
		{742ECA8E-358B-4239-96B9-6B3E76F30E8B}.Release|Any CPU.ActiveCfg = Release|Any CPU
		{742ECA8E-358B-4239-96B9-6B3E76F30E8B}.Release|Any CPU.Build.0 = Release|Any CPU
	EndGlobalSection
	GlobalSection(SolutionProperties) = preSolution
		HideSolutionNode = FALSE
	EndGlobalSection
	GlobalSection(ExtensibilityGlobals) = postSolution
		SolutionGuid = {5DEC2725-B283-433F-85A4-489D6EAB969C}
	EndGlobalSection
EndGlobal
